
Microsoft Visual Studio Solution File, Format Version 12.00
Project("{2150E333-8FDC-42A3-9474-1A3956D46DE8}") = "src", "src", "{F2175C80-3DB7-43FE-B140-37B0E0A056F7}"
EndProject
Project("{2150E333-8FDC-42A3-9474-1A3956D46DE8}") = "test", "test", "{3DE4103F-B131-409B-9284-F15C5D2E0F40}"
EndProject
Project("{FAE04EC0-301F-11D3-BF4B-00C04F79EFBC}") = "BLL", "src\BLL\BLL.csproj", "{62C841A3-4AE2-4836-83E7-9FC5CDD7F7A6}"
EndProject
Project("{FAE04EC0-301F-11D3-BF4B-00C04F79EFBC}") = "DLL", "src\DLL\DLL.csproj", "{7C039332-8228-4E39-864C-020FA2189732}"
EndProject
Project("{FAE04EC0-301F-11D3-BF4B-00C04F79EFBC}") = "API", "src\API\API.csproj", "{BDD1822B-1D6D-4A2F-B152-AA3023BC9970}"
EndProject
Project("{2150E333-8FDC-42A3-9474-1A3956D46DE8}") = "Solutionitems", "Solutionitems", "{F1472791-7EA9-4C25-9889-9B873FB843EC}"
EndProject
Global
	GlobalSection(SolutionConfigurationPlatforms) = preSolution
		Debug|Any CPU = Debug|Any CPU
		Release|Any CPU = Release|Any CPU
	EndGlobalSection
	GlobalSection(NestedProjects) = preSolution
		{62C841A3-4AE2-4836-83E7-9FC5CDD7F7A6} = {F2175C80-3DB7-43FE-B140-37B0E0A056F7}
		{7C039332-8228-4E39-864C-020FA2189732} = {F2175C80-3DB7-43FE-B140-37B0E0A056F7}
		{BDD1822B-1D6D-4A2F-B152-AA3023BC9970} = {F2175C80-3DB7-43FE-B140-37B0E0A056F7}
	EndGlobalSection
	GlobalSection(ProjectConfigurationPlatforms) = postSolution
		{62C841A3-4AE2-4836-83E7-9FC5CDD7F7A6}.Debug|Any CPU.ActiveCfg = Debug|Any CPU
		{62C841A3-4AE2-4836-83E7-9FC5CDD7F7A6}.Debug|Any CPU.Build.0 = Debug|Any CPU
		{62C841A3-4AE2-4836-83E7-9FC5CDD7F7A6}.Release|Any CPU.ActiveCfg = Release|Any CPU
		{62C841A3-4AE2-4836-83E7-9FC5CDD7F7A6}.Release|Any CPU.Build.0 = Release|Any CPU
		{7C039332-8228-4E39-864C-020FA2189732}.Debug|Any CPU.ActiveCfg = Debug|Any CPU
		{7C039332-8228-4E39-864C-020FA2189732}.Debug|Any CPU.Build.0 = Debug|Any CPU
		{7C039332-8228-4E39-864C-020FA2189732}.Release|Any CPU.ActiveCfg = Release|Any CPU
		{7C039332-8228-4E39-864C-020FA2189732}.Release|Any CPU.Build.0 = Release|Any CPU
		{BDD1822B-1D6D-4A2F-B152-AA3023BC9970}.Debug|Any CPU.ActiveCfg = Debug|Any CPU
		{BDD1822B-1D6D-4A2F-B152-AA3023BC9970}.Debug|Any CPU.Build.0 = Debug|Any CPU
		{BDD1822B-1D6D-4A2F-B152-AA3023BC9970}.Release|Any CPU.ActiveCfg = Release|Any CPU
		{BDD1822B-1D6D-4A2F-B152-AA3023BC9970}.Release|Any CPU.Build.0 = Release|Any CPU
	EndGlobalSection
EndGlobal
